
Microsoft Visual Studio Solution File, Format Version 12.00
# Visual Studio 15
VisualStudioVersion = 15.0.27130.2010
MinimumVisualStudioVersion = 10.0.40219.1
Project("{FAE04EC0-301F-11D3-BF4B-00C04F79EFBC}") = "ProductsStorage", "ProductsStorage\ProductsStorage.csproj", "{5A9791F0-D614-4C85-9CD6-452E6960CFC3}"
EndProject
Global
	GlobalSection(SolutionConfigurationPlatforms) = preSolution
		Debug|Any CPU = Debug|Any CPU
		Release|Any CPU = Release|Any CPU
	EndGlobalSection
	GlobalSection(ProjectConfigurationPlatforms) = postSolution
		{5A9791F0-D614-4C85-9CD6-452E6960CFC3}.Debug|Any CPU.ActiveCfg = Debug|Any CPU
		{5A9791F0-D614-4C85-9CD6-452E6960CFC3}.Debug|Any CPU.Build.0 = Debug|Any CPU
		{5A9791F0-D614-4C85-9CD6-452E6960CFC3}.Release|Any CPU.ActiveCfg = Release|Any CPU
		{5A9791F0-D614-4C85-9CD6-452E6960CFC3}.Release|Any CPU.Build.0 = Release|Any CPU
	EndGlobalSection
	GlobalSection(SolutionProperties) = preSolution
		HideSolutionNode = FALSE
	EndGlobalSection
	GlobalSection(ExtensibilityGlobals) = postSolution
		SolutionGuid = {9CB79D2E-EF4D-42D6-BBC3-DC6DAE4CA0C3}
	EndGlobalSection
EndGlobal
