
Microsoft Visual Studio Solution File, Format Version 12.00
# Visual Studio 15
VisualStudioVersion = 15.0.27130.2010
MinimumVisualStudioVersion = 10.0.40219.1
Project("{FAE04EC0-301F-11D3-BF4B-00C04F79EFBC}") = "Vending Machine", "Vending Machine\Vending Machine.csproj", "{5001AFE0-A018-4CCF-8055-9E318822A7FD}"
EndProject
Global
	GlobalSection(SolutionConfigurationPlatforms) = preSolution
		Debug|Any CPU = Debug|Any CPU
		Release|Any CPU = Release|Any CPU
	EndGlobalSection
	GlobalSection(ProjectConfigurationPlatforms) = postSolution
		{5001AFE0-A018-4CCF-8055-9E318822A7FD}.Debug|Any CPU.ActiveCfg = Debug|Any CPU
		{5001AFE0-A018-4CCF-8055-9E318822A7FD}.Debug|Any CPU.Build.0 = Debug|Any CPU
		{5001AFE0-A018-4CCF-8055-9E318822A7FD}.Release|Any CPU.ActiveCfg = Release|Any CPU
		{5001AFE0-A018-4CCF-8055-9E318822A7FD}.Release|Any CPU.Build.0 = Release|Any CPU
	EndGlobalSection
	GlobalSection(SolutionProperties) = preSolution
		HideSolutionNode = FALSE
	EndGlobalSection
	GlobalSection(ExtensibilityGlobals) = postSolution
		SolutionGuid = {B6D7F39C-DC8B-4D01-A3F5-BEED32536B7B}
	EndGlobalSection
EndGlobal
